
Microsoft Visual Studio Solution File, Format Version 12.00
# Visual Studio Version 16
VisualStudioVersion = 16.0.31019.35
MinimumVisualStudioVersion = 10.0.40219.1
Project("{FAE04EC0-301F-11D3-BF4B-00C04F79EFBC}") = "LINQComEFCore", "LINQComEFCore.csproj", "{6325830A-6AAA-4A6E-B5A7-89DB86CFFADD}"
EndProject
Global
	GlobalSection(SolutionConfigurationPlatforms) = preSolution
		Debug|Any CPU = Debug|Any CPU
		Release|Any CPU = Release|Any CPU
	EndGlobalSection
	GlobalSection(ProjectConfigurationPlatforms) = postSolution
		{6325830A-6AAA-4A6E-B5A7-89DB86CFFADD}.Debug|Any CPU.ActiveCfg = Debug|Any CPU
		{6325830A-6AAA-4A6E-B5A7-89DB86CFFADD}.Debug|Any CPU.Build.0 = Debug|Any CPU
		{6325830A-6AAA-4A6E-B5A7-89DB86CFFADD}.Release|Any CPU.ActiveCfg = Release|Any CPU
		{6325830A-6AAA-4A6E-B5A7-89DB86CFFADD}.Release|Any CPU.Build.0 = Release|Any CPU
	EndGlobalSection
	GlobalSection(SolutionProperties) = preSolution
		HideSolutionNode = FALSE
	EndGlobalSection
	GlobalSection(ExtensibilityGlobals) = postSolution
		SolutionGuid = {8F5CF6A8-9320-4ED1-B8AB-5F51DC6F17B7}
	EndGlobalSection
EndGlobal
